
Microsoft Visual Studio Solution File, Format Version 12.00
# Visual Studio Version 17
VisualStudioVersion = 17.6.33829.357
MinimumVisualStudioVersion = 10.0.40219.1
Project("{FAE04EC0-301F-11D3-BF4B-00C04F79EFBC}") = "Stack", "Stack\Stack.csproj", "{D510CE71-B937-481C-A4F4-DBF9FD388707}"
EndProject
Global
	GlobalSection(SolutionConfigurationPlatforms) = preSolution
		Debug|Any CPU = Debug|Any CPU
		Release|Any CPU = Release|Any CPU
	EndGlobalSection
	GlobalSection(ProjectConfigurationPlatforms) = postSolution
		{D510CE71-B937-481C-A4F4-DBF9FD388707}.Debug|Any CPU.ActiveCfg = Debug|Any CPU
		{D510CE71-B937-481C-A4F4-DBF9FD388707}.Debug|Any CPU.Build.0 = Debug|Any CPU
		{D510CE71-B937-481C-A4F4-DBF9FD388707}.Release|Any CPU.ActiveCfg = Release|Any CPU
		{D510CE71-B937-481C-A4F4-DBF9FD388707}.Release|Any CPU.Build.0 = Release|Any CPU
	EndGlobalSection
	GlobalSection(SolutionProperties) = preSolution
		HideSolutionNode = FALSE
	EndGlobalSection
	GlobalSection(ExtensibilityGlobals) = postSolution
		SolutionGuid = {AA2A7378-0B6C-4C33-AD53-290E186547BD}
	EndGlobalSection
EndGlobal
